Microsoft Visual Studio Solution File, Format Version 12.00
# Visual Studio Version 17
VisualStudioVersion = 17.5.2.0
MinimumVisualStudioVersion = 10.0.40219.1
Project("{FAE04EC0-301F-11D3-BF4B-00C04F79EFBC}") = "BTG_BACKEND", "VaccineBack\BTG_BACKEND.csproj", "{BBD632B2-C8E0-5575-BE68-C7C0C2B42B60}"
EndProject
Global
	GlobalSection(SolutionConfigurationPlatforms) = preSolution
		Debug|Any CPU = Debug|Any CPU
		Release|Any CPU = Release|Any CPU
	EndGlobalSection
	GlobalSection(ProjectConfigurationPlatforms) = postSolution
		{BBD632B2-C8E0-5575-BE68-C7C0C2B42B60}.Debug|Any CPU.ActiveCfg = Debug|Any CPU
		{BBD632B2-C8E0-5575-BE68-C7C0C2B42B60}.Debug|Any CPU.Build.0 = Debug|Any CPU
		{BBD632B2-C8E0-5575-BE68-C7C0C2B42B60}.Release|Any CPU.ActiveCfg = Release|Any CPU
		{BBD632B2-C8E0-5575-BE68-C7C0C2B42B60}.Release|Any CPU.Build.0 = Release|Any CPU
	EndGlobalSection
	GlobalSection(SolutionProperties) = preSolution
		HideSolutionNode = FALSE
	EndGlobalSection
	GlobalSection(ExtensibilityGlobals) = postSolution
		SolutionGuid = {75FDEECE-8E1C-47FB-B6AC-149DD969488A}
	EndGlobalSection
EndGlobal
